# This file is automatically @generated by Cargo.
# It is not intended for manual editing.
version = 4

[[package]]
name = "dggal_sys"
version = "0.1.0"
dependencies = [
 "ecrt_sys",
]

[[package]]
name = "ecrt_sys"
version = "0.1.0"
source = "registry+https://github.com/rust-lang/crates.io-index"
checksum = "4a0cc654e6358f60070cee30efdff2e57d2451a9767d955d7b945004c3df1dad"
